github.com/jpanther/congo/v2 v2.0.4 h1:gOP0jIhfj37CV5fVh2GCR9ruIqxQXEAHxE3c4ZFLZv4=
github.com/jpanther/congo/v2 v2.0.4/go.mod h1:1S7DRoO1ZYS4YUdFd1LjTkdyjQwsjFWd8TqSfz3Jd+M=
github.com/jpanther/congo/v2 v2.0.5 h1:fz+0f2F06DWWj4puySLbsXpB2Vb77eRZGQsawLNCCQM=
github.com/jpanther/congo/v2 v2.0.5/go.mod h1:1S7DRoO1ZYS4YUdFd1LjTkdyjQwsjFWd8TqSfz3Jd+M=
